# This file is automatically @generated by Cargo.
# It is not intended for manual editing.
version = 4

[[package]]
name = "dot_rs"
version = "0.2.0"
source = "registry+https://github.com/rust-lang/crates.io-index"
checksum = "3dddf957e851d9bce0617851057c44a19fe5530ebfa4a000c3699f7b0eb9869d"

[[package]]
name = "etaskflow_rs"
version = "0.1.0"
dependencies = [
 "dot_rs",
]
