# This file is automatically @generated by Cargo.
# It is not intended for manual editing.
version = 4

[[package]]
name = "dot_rs"
version = "0.1.0"
source = "registry+https://github.com/rust-lang/crates.io-index"
checksum = "1ce0e2312be9d5bda655d0de78e3374538dd01c3de1d0351577b024c9b1e5b1b"

[[package]]
name = "etaskflow_rs"
version = "0.1.0"
dependencies = [
 "dot_rs",
]
